
Microsoft Visual Studio Solution File, Format Version 12.00
# Visual Studio Version 16
VisualStudioVersion = 16.0.30907.101
MinimumVisualStudioVersion = 10.0.40219.1
Project("{FAE04EC0-301F-11D3-BF4B-00C04F79EFBC}") = "OyuncuOdev", "23Ocak5Odev\OyuncuOdev.csproj", "{F9111D0E-C1BA-48FB-B0BE-634E0FC2E3C1}"
EndProject
Global
	GlobalSection(SolutionConfigurationPlatforms) = preSolution
		Debug|Any CPU = Debug|Any CPU
		Release|Any CPU = Release|Any CPU
	EndGlobalSection
	GlobalSection(ProjectConfigurationPlatforms) = postSolution
		{F9111D0E-C1BA-48FB-B0BE-634E0FC2E3C1}.Debug|Any CPU.ActiveCfg = Debug|Any CPU
		{F9111D0E-C1BA-48FB-B0BE-634E0FC2E3C1}.Debug|Any CPU.Build.0 = Debug|Any CPU
		{F9111D0E-C1BA-48FB-B0BE-634E0FC2E3C1}.Release|Any CPU.ActiveCfg = Release|Any CPU
		{F9111D0E-C1BA-48FB-B0BE-634E0FC2E3C1}.Release|Any CPU.Build.0 = Release|Any CPU
	EndGlobalSection
	GlobalSection(SolutionProperties) = preSolution
		HideSolutionNode = FALSE
	EndGlobalSection
	GlobalSection(ExtensibilityGlobals) = postSolution
		SolutionGuid = {1A81345A-7308-4F31-9D94-354C954B3913}
	EndGlobalSection
EndGlobal
